
Microsoft Visual Studio Solution File, Format Version 11.00
# Visual Studio 2010
Project("{8BC9CEB8-8B4A-11D0-8D11-00A0C91BC942}") = "AODV", "AODV\AODV.vcxproj", "{17AD0C84-45C2-481A-A03B-D029317B28CD}"
EndProject
Project("{8BC9CEB8-8B4A-11D0-8D11-00A0C91BC942}") = "WLAN", "WLAN\WLAN.vcxproj", "{98E9E19B-84E4-4392-AE59-2142AA077AF9}"
EndProject
Project("{8BC9CEB8-8B4A-11D0-8D11-00A0C91BC942}") = "Ethernet", "Ethernet\Ethernet.vcxproj", "{EDCA463C-CD38-41D4-8933-75DD69706E56}"
EndProject
Project("{8BC9CEB8-8B4A-11D0-8D11-00A0C91BC942}") = "TCP", "TCP\TCP.vcxproj", "{3877C5E4-08A7-49C7-90AA-FFD78579F721}"
EndProject
Project("{8BC9CEB8-8B4A-11D0-8D11-00A0C91BC942}") = "UDP", "UDP\UDP.vcxproj", "{9EA50970-AB56-4017-B00C-561E34A6856B}"
EndProject
Project("{8BC9CEB8-8B4A-11D0-8D11-00A0C91BC942}") = "Routing", "Routing\Routing.vcxproj", "{9AA6DB04-68FA-4C22-A958-90FFC1BF5AC0}"
EndProject
Project("{8BC9CEB8-8B4A-11D0-8D11-00A0C91BC942}") = "ARP", "ARP\ARP.vcxproj", "{F3A6460D-7EA7-4540-A4E8-9FD1FE987726}"
EndProject
Project("{8BC9CEB8-8B4A-11D0-8D11-00A0C91BC942}") = "SupportFunction", "SupportFunction\SupportFunction.vcxproj", "{DC0C8057-63D3-42B7-8DFB-466FED959649}"
EndProject
Project("{8BC9CEB8-8B4A-11D0-8D11-00A0C91BC942}") = "DSR", "DSR\DSR.vcxproj", "{4DA894F0-2A85-4697-96F6-29314576D48B}"
EndProject
Project("{8BC9CEB8-8B4A-11D0-8D11-00A0C91BC942}") = "Mobility", "Mobility\Mobility.vcxproj", "{0ADA980A-A4FE-4F05-8ACC-7314B0CFE409}"
EndProject
Project("{8BC9CEB8-8B4A-11D0-8D11-00A0C91BC942}") = "CognitiveRadio", "CognitiveRadio\CognitiveRadio.vcxproj", "{E33DB280-11AE-4FF1-9FB7-DE759B7F2ABA}"
EndProject
Project("{8BC9CEB8-8B4A-11D0-8D11-00A0C91BC942}") = "ZigBee", "ZigBee\ZigBee.vcxproj", "{D85E1CBD-3374-43F6-A8B8-742DE8CBF26E}"
EndProject
Project("{8BC9CEB8-8B4A-11D0-8D11-00A0C91BC942}") = "ATM", "ATM\ATM.vcxproj", "{564AC2A0-CF31-4C4E-9E50-01D453147DC7}"
EndProject
Project("{8BC9CEB8-8B4A-11D0-8D11-00A0C91BC942}") = "WiMAX", "WiMAX\WiMAX.vcxproj", "{9B6793F6-18D7-4501-B57D-BB65F0AA0084}"
EndProject
Project("{8BC9CEB8-8B4A-11D0-8D11-00A0C91BC942}") = "Cellular", "Cellular\Cellular.vcxproj", "{5914B9AD-ED7B-430C-99BF-3382EBD8CFCE}"
EndProject
Project("{8BC9CEB8-8B4A-11D0-8D11-00A0C91BC942}") = "Application", "Application\Application.vcxproj", "{F46381CF-7723-45F4-80D4-273D8202EAF5}"
EndProject
Project("{8BC9CEB8-8B4A-11D0-8D11-00A0C91BC942}") = "IP", "IP\IP.vcxproj", "{2A870417-31C4-4064-A0EE-62D1E05635F9}"
EndProject
Project("{8BC9CEB8-8B4A-11D0-8D11-00A0C91BC942}") = "LTE", "LTE\LTE.vcxproj", "{0C19F2E9-4AF4-450B-A4F3-B900D1AA9CAF}"
EndProject
Project("{8BC9CEB8-8B4A-11D0-8D11-00A0C91BC942}") = "TDMA", "TDMA\TDMA.vcxproj", "{8DDC231F-9EAA-484E-9E30-8A86754EE3BC}"
EndProject
Project("{8BC9CEB8-8B4A-11D0-8D11-00A0C91BC942}") = "ZRP", "ZRP\ZRP.vcxproj", "{E5ED98AD-BAA5-4432-9A9C-27A44584EBFD}"
EndProject
Global
	GlobalSection(SolutionConfigurationPlatforms) = preSolution
		Debug|Win32 = Debug|Win32
		Release|Win32 = Release|Win32
	EndGlobalSection
	GlobalSection(ProjectConfigurationPlatforms) = postSolution
		{17AD0C84-45C2-481A-A03B-D029317B28CD}.Debug|Win32.ActiveCfg = Debug|Win32
		{17AD0C84-45C2-481A-A03B-D029317B28CD}.Debug|Win32.Build.0 = Debug|Win32
		{17AD0C84-45C2-481A-A03B-D029317B28CD}.Release|Win32.ActiveCfg = Release|Win32
		{17AD0C84-45C2-481A-A03B-D029317B28CD}.Release|Win32.Build.0 = Release|Win32
		{98E9E19B-84E4-4392-AE59-2142AA077AF9}.Debug|Win32.ActiveCfg = Debug|Win32
		{98E9E19B-84E4-4392-AE59-2142AA077AF9}.Debug|Win32.Build.0 = Debug|Win32
		{98E9E19B-84E4-4392-AE59-2142AA077AF9}.Release|Win32.ActiveCfg = Release|Win32
		{98E9E19B-84E4-4392-AE59-2142AA077AF9}.Release|Win32.Build.0 = Release|Win32
		{EDCA463C-CD38-41D4-8933-75DD69706E56}.Debug|Win32.ActiveCfg = Debug|Win32
		{EDCA463C-CD38-41D4-8933-75DD69706E56}.Debug|Win32.Build.0 = Debug|Win32
		{EDCA463C-CD38-41D4-8933-75DD69706E56}.Release|Win32.ActiveCfg = Release|Win32
		{EDCA463C-CD38-41D4-8933-75DD69706E56}.Release|Win32.Build.0 = Release|Win32
		{3877C5E4-08A7-49C7-90AA-FFD78579F721}.Debug|Win32.ActiveCfg = Debug|Win32
		{3877C5E4-08A7-49C7-90AA-FFD78579F721}.Debug|Win32.Build.0 = Debug|Win32
		{3877C5E4-08A7-49C7-90AA-FFD78579F721}.Release|Win32.ActiveCfg = Release|Win32
		{3877C5E4-08A7-49C7-90AA-FFD78579F721}.Release|Win32.Build.0 = Release|Win32
		{9EA50970-AB56-4017-B00C-561E34A6856B}.Debug|Win32.ActiveCfg = Debug|Win32
		{9EA50970-AB56-4017-B00C-561E34A6856B}.Debug|Win32.Build.0 = Debug|Win32
		{9EA50970-AB56-4017-B00C-561E34A6856B}.Release|Win32.ActiveCfg = Release|Win32
		{9EA50970-AB56-4017-B00C-561E34A6856B}.Release|Win32.Build.0 = Release|Win32
		{9AA6DB04-68FA-4C22-A958-90FFC1BF5AC0}.Debug|Win32.ActiveCfg = Debug|Win32
		{9AA6DB04-68FA-4C22-A958-90FFC1BF5AC0}.Debug|Win32.Build.0 = Debug|Win32
		{9AA6DB04-68FA-4C22-A958-90FFC1BF5AC0}.Release|Win32.ActiveCfg = Release|Win32
		{9AA6DB04-68FA-4C22-A958-90FFC1BF5AC0}.Release|Win32.Build.0 = Release|Win32
		{F3A6460D-7EA7-4540-A4E8-9FD1FE987726}.Debug|Win32.ActiveCfg = Debug|Win32
		{F3A6460D-7EA7-4540-A4E8-9FD1FE987726}.Debug|Win32.Build.0 = Debug|Win32
		{F3A6460D-7EA7-4540-A4E8-9FD1FE987726}.Release|Win32.ActiveCfg = Release|Win32
		{F3A6460D-7EA7-4540-A4E8-9FD1FE987726}.Release|Win32.Build.0 = Release|Win32
		{DC0C8057-63D3-42B7-8DFB-466FED959649}.Debug|Win32.ActiveCfg = Debug|Win32
		{DC0C8057-63D3-42B7-8DFB-466FED959649}.Debug|Win32.Build.0 = Debug|Win32
		{DC0C8057-63D3-42B7-8DFB-466FED959649}.Release|Win32.ActiveCfg = Release|Win32
		{DC0C8057-63D3-42B7-8DFB-466FED959649}.Release|Win32.Build.0 = Release|Win32
		{4DA894F0-2A85-4697-96F6-29314576D48B}.Debug|Win32.ActiveCfg = Debug|Win32
		{4DA894F0-2A85-4697-96F6-29314576D48B}.Debug|Win32.Build.0 = Debug|Win32
		{4DA894F0-2A85-4697-96F6-29314576D48B}.Release|Win32.ActiveCfg = Release|Win32
		{4DA894F0-2A85-4697-96F6-29314576D48B}.Release|Win32.Build.0 = Release|Win32
		{0ADA980A-A4FE-4F05-8ACC-7314B0CFE409}.Debug|Win32.ActiveCfg = Debug|Win32
		{0ADA980A-A4FE-4F05-8ACC-7314B0CFE409}.Debug|Win32.Build.0 = Debug|Win32
		{0ADA980A-A4FE-4F05-8ACC-7314B0CFE409}.Release|Win32.ActiveCfg = Release|Win32
		{0ADA980A-A4FE-4F05-8ACC-7314B0CFE409}.Release|Win32.Build.0 = Release|Win32
		{E33DB280-11AE-4FF1-9FB7-DE759B7F2ABA}.Debug|Win32.ActiveCfg = Debug|Win32
		{E33DB280-11AE-4FF1-9FB7-DE759B7F2ABA}.Debug|Win32.Build.0 = Debug|Win32
		{E33DB280-11AE-4FF1-9FB7-DE759B7F2ABA}.Release|Win32.ActiveCfg = Release|Win32
		{E33DB280-11AE-4FF1-9FB7-DE759B7F2ABA}.Release|Win32.Build.0 = Release|Win32
		{D85E1CBD-3374-43F6-A8B8-742DE8CBF26E}.Debug|Win32.ActiveCfg = Debug|Win32
		{D85E1CBD-3374-43F6-A8B8-742DE8CBF26E}.Debug|Win32.Build.0 = Debug|Win32
		{D85E1CBD-3374-43F6-A8B8-742DE8CBF26E}.Release|Win32.ActiveCfg = Release|Win32
		{D85E1CBD-3374-43F6-A8B8-742DE8CBF26E}.Release|Win32.Build.0 = Release|Win32
		{564AC2A0-CF31-4C4E-9E50-01D453147DC7}.Debug|Win32.ActiveCfg = Debug|Win32
		{564AC2A0-CF31-4C4E-9E50-01D453147DC7}.Debug|Win32.Build.0 = Debug|Win32
		{564AC2A0-CF31-4C4E-9E50-01D453147DC7}.Release|Win32.ActiveCfg = Release|Win32
		{564AC2A0-CF31-4C4E-9E50-01D453147DC7}.Release|Win32.Build.0 = Release|Win32
		{9B6793F6-18D7-4501-B57D-BB65F0AA0084}.Debug|Win32.ActiveCfg = Debug|Win32
		{9B6793F6-18D7-4501-B57D-BB65F0AA0084}.Debug|Win32.Build.0 = Debug|Win32
		{9B6793F6-18D7-4501-B57D-BB65F0AA0084}.Release|Win32.ActiveCfg = Release|Win32
		{9B6793F6-18D7-4501-B57D-BB65F0AA0084}.Release|Win32.Build.0 = Release|Win32
		{5914B9AD-ED7B-430C-99BF-3382EBD8CFCE}.Debug|Win32.ActiveCfg = Debug|Win32
		{5914B9AD-ED7B-430C-99BF-3382EBD8CFCE}.Debug|Win32.Build.0 = Debug|Win32
		{5914B9AD-ED7B-430C-99BF-3382EBD8CFCE}.Release|Win32.ActiveCfg = Release|Win32
		{5914B9AD-ED7B-430C-99BF-3382EBD8CFCE}.Release|Win32.Build.0 = Release|Win32
		{F46381CF-7723-45F4-80D4-273D8202EAF5}.Debug|Win32.ActiveCfg = Debug|Win32
		{F46381CF-7723-45F4-80D4-273D8202EAF5}.Debug|Win32.Build.0 = Debug|Win32
		{F46381CF-7723-45F4-80D4-273D8202EAF5}.Release|Win32.ActiveCfg = Release|Win32
		{F46381CF-7723-45F4-80D4-273D8202EAF5}.Release|Win32.Build.0 = Release|Win32
		{2A870417-31C4-4064-A0EE-62D1E05635F9}.Debug|Win32.ActiveCfg = Debug|Win32
		{2A870417-31C4-4064-A0EE-62D1E05635F9}.Debug|Win32.Build.0 = Debug|Win32
		{2A870417-31C4-4064-A0EE-62D1E05635F9}.Release|Win32.ActiveCfg = Release|Win32
		{2A870417-31C4-4064-A0EE-62D1E05635F9}.Release|Win32.Build.0 = Release|Win32
		{0C19F2E9-4AF4-450B-A4F3-B900D1AA9CAF}.Debug|Win32.ActiveCfg = Debug|Win32
		{0C19F2E9-4AF4-450B-A4F3-B900D1AA9CAF}.Debug|Win32.Build.0 = Debug|Win32
		{0C19F2E9-4AF4-450B-A4F3-B900D1AA9CAF}.Release|Win32.ActiveCfg = Release|Win32
		{0C19F2E9-4AF4-450B-A4F3-B900D1AA9CAF}.Release|Win32.Build.0 = Release|Win32
		{8DDC231F-9EAA-484E-9E30-8A86754EE3BC}.Debug|Win32.ActiveCfg = Debug|Win32
		{8DDC231F-9EAA-484E-9E30-8A86754EE3BC}.Debug|Win32.Build.0 = Debug|Win32
		{8DDC231F-9EAA-484E-9E30-8A86754EE3BC}.Release|Win32.ActiveCfg = Release|Win32
		{8DDC231F-9EAA-484E-9E30-8A86754EE3BC}.Release|Win32.Build.0 = Release|Win32
		{E5ED98AD-BAA5-4432-9A9C-27A44584EBFD}.Debug|Win32.ActiveCfg = Debug|Win32
		{E5ED98AD-BAA5-4432-9A9C-27A44584EBFD}.Debug|Win32.Build.0 = Debug|Win32
		{E5ED98AD-BAA5-4432-9A9C-27A44584EBFD}.Release|Win32.ActiveCfg = Release|Win32
		{E5ED98AD-BAA5-4432-9A9C-27A44584EBFD}.Release|Win32.Build.0 = Release|Win32
	EndGlobalSection
	GlobalSection(SolutionProperties) = preSolution
		HideSolutionNode = FALSE
	EndGlobalSection
EndGlobal
